
Microsoft Visual Studio Solution File, Format Version 12.00
# Visual Studio Version 17
VisualStudioVersion = 17.9.34723.18
MinimumVisualStudioVersion = 10.0.40219.1
Project("{8BC9CEB8-8B4A-11D0-8D11-00A0C91BC942}") = "degrees_of_hell", "degrees_of_hell\degrees_of_hell.vcxproj", "{93201F28-AC27-4DFA-BCBE-EB81DACE1DC7}"
EndProject
Global
	GlobalSection(SolutionConfigurationPlatforms) = preSolution
		Debug|x64 = Debug|x64
		Debug|x86 = Debug|x86
		Release|x64 = Release|x64
		Release|x86 = Release|x86
	EndGlobalSection
	GlobalSection(ProjectConfigurationPlatforms) = postSolution
		{93201F28-AC27-4DFA-BCBE-EB81DACE1DC7}.Debug|x64.ActiveCfg = Debug|x64
		{93201F28-AC27-4DFA-BCBE-EB81DACE1DC7}.Debug|x64.Build.0 = Debug|x64
		{93201F28-AC27-4DFA-BCBE-EB81DACE1DC7}.Debug|x86.ActiveCfg = Debug|Win32
		{93201F28-AC27-4DFA-BCBE-EB81DACE1DC7}.Debug|x86.Build.0 = Debug|Win32
		{93201F28-AC27-4DFA-BCBE-EB81DACE1DC7}.Release|x64.ActiveCfg = Release|x64
		{93201F28-AC27-4DFA-BCBE-EB81DACE1DC7}.Release|x64.Build.0 = Release|x64
		{93201F28-AC27-4DFA-BCBE-EB81DACE1DC7}.Release|x86.ActiveCfg = Release|Win32
		{93201F28-AC27-4DFA-BCBE-EB81DACE1DC7}.Release|x86.Build.0 = Release|Win32
	EndGlobalSection
	GlobalSection(SolutionProperties) = preSolution
		HideSolutionNode = FALSE
	EndGlobalSection
	GlobalSection(ExtensibilityGlobals) = postSolution
		SolutionGuid = {9C5E2457-F6B3-43CF-9E78-55178B3FCBCA}
	EndGlobalSection
EndGlobal
